# This file is autogenerated, do not edit; changes may be undone by the next 'dep ensure'.


[[projects]]
  digest = "1:6098222470fe0172157ce9bbef5d2200df4edde17ee649c5d6e48330e4afa4c6"
  name = "github.com/dgrijalva/jwt-go"
  packages = ["."]
  pruneopts = ""
  revision = "06ea1031745cb8b3dab3f6a236daf2b0aa468b7e"
  version = "v3.2.0"

[[projects]]
  digest = "1:f37073c0a3e6f534867278752f514827f4ccc7ee82e8cbba1ee735fc68b90619"
  name = "github.com/felixge/httpsnoop"
  packages = ["."]
  pruneopts = ""
  revision = "33ec42cfe005395fb4cc4b296781f65d7ffef2c3"
  version = "v1.0.1"

[[projects]]
  digest = "1:9bd66f1a97ec13d279a9d979b315fa4cb17303e71bf89243e70dd096f1be735d"
  name = "github.com/gorilla/handlers"
  packages = ["."]
  pruneopts = ""
  revision = "d453effd20e6817a8acfd9d278dadd21371da0ba"
  version = "v1.5.1"

[[projects]]
  digest = "1:20e3b61797cba6a42b110320b703a0b86e2771f324411e75557c2acbc819b1b5"
  name = "github.com/gorilla/mux"
  packages = ["."]
  pruneopts = ""
  revision = "98cb6bf42e086f6af920b965c38cacc07402d51b"
  version = "v1.8.0"

[[projects]]
  digest = "1:7df5a9695a743c3e1626b28bb8741602c8c15527e1efaeaec48ab2ff9a23f74c"
  name = "github.com/joho/godotenv"
  packages = ["."]
  pruneopts = ""
  revision = "23d116af351c84513e1946b527c88823e476be13"
  version = "v1.3.0"

[solve-meta]
  analyzer-name = "dep"
  analyzer-version = 1
  input-imports = [
    "github.com/dgrijalva/jwt-go",
    "github.com/gorilla/handlers",
    "github.com/gorilla/mux",
    "github.com/joho/godotenv",
  ]
  solver-name = "gps-cdcl"
  solver-version = 1
